// !$*UTF8*$!
{
	archiveVersion = 1;
	classes = {
	};
	objectVersion = 56;
	objects = {

/* Begin PBXBuildFile section */
		8F0ABA212B69CFCB00D021BF /* User.swift in Sources */ = {isa = PBXBuildFile; fileRef = 8F0ABA202B69CFCB00D021BF /* User.swift */; };
		8F0ABA292B69D9E000D021BF /* PagerTabStripView in Frameworks */ = {isa = PBXBuildFile; productRef = 8F0ABA282B69D9E000D021BF /* PagerTabStripView */; };
		8F0ABA2D2B69EA5500D021BF /* Color+Extensions.swift in Sources */ = {isa = PBXBuildFile; fileRef = 8F0ABA2C2B69EA5500D021BF /* Color+Extensions.swift */; };
		8F0ABA302B69F02D00D021BF /* Font+Extensions.swift in Sources */ = {isa = PBXBuildFile; fileRef = 8F0ABA2F2B69F02D00D021BF /* Font+Extensions.swift */; };
		8F0ABA362B69F0AC00D021BF /* Poppins-Medium.ttf in Resources */ = {isa = PBXBuildFile; fileRef = 8F0ABA322B69F0AC00D021BF /* Poppins-Medium.ttf */; };
		8F0ABA372B69F0AC00D021BF /* Poppins-Regular.ttf in Resources */ = {isa = PBXBuildFile; fileRef = 8F0ABA332B69F0AC00D021BF /* Poppins-Regular.ttf */; };
		8F0ABA382B69F0AC00D021BF /* Poppins-Bold.ttf in Resources */ = {isa = PBXBuildFile; fileRef = 8F0ABA342B69F0AC00D021BF /* Poppins-Bold.ttf */; };
		8F0ABA392B69F0AC00D021BF /* Poppins-SemiBold.ttf in Resources */ = {isa = PBXBuildFile; fileRef = 8F0ABA352B69F0AC00D021BF /* Poppins-SemiBold.ttf */; };
		8F0ABA3C2B69F59700D021BF /* NavBarItem.swift in Sources */ = {isa = PBXBuildFile; fileRef = 8F0ABA3B2B69F59700D021BF /* NavBarItem.swift */; };
		8F0ABA3F2B6A253500D021BF /* String+Extensions.swift in Sources */ = {isa = PBXBuildFile; fileRef = 8F0ABA3E2B6A253500D021BF /* String+Extensions.swift */; };
		8F23F1052B68EBEA005E32CB /* SwiftUILoginApp.swift in Sources */ = {isa = PBXBuildFile; fileRef = 8F23F1042B68EBEA005E32CB /* SwiftUILoginApp.swift */; };
		8F23F1072B68EBEA005E32CB /* HomeView.swift in Sources */ = {isa = PBXBuildFile; fileRef = 8F23F1062B68EBEA005E32CB /* HomeView.swift */; };
		8F23F1092B68EBEC005E32CB /* Assets.xcassets in Resources */ = {isa = PBXBuildFile; fileRef = 8F23F1082B68EBEC005E32CB /* Assets.xcassets */; };
		8F23F10C2B68EBEC005E32CB /* Preview Assets.xcassets in Resources */ = {isa = PBXBuildFile; fileRef = 8F23F10B2B68EBEC005E32CB /* Preview Assets.xcassets */; };
		8F23F1172B68EC41005E32CB /* LoginView.swift in Sources */ = {isa = PBXBuildFile; fileRef = 8F23F1152B68EC41005E32CB /* LoginView.swift */; };
		8F23F1182B68EC41005E32CB /* LoginView+Observed.swift in Sources */ = {isa = PBXBuildFile; fileRef = 8F23F1162B68EC41005E32CB /* LoginView+Observed.swift */; };
/* End PBXBuildFile section */

/* Begin PBXFileReference section */
		8F0ABA202B69CFCB00D021BF /* User.swift */ = {isa = PBXFileReference; lastKnownFileType = sourcecode.swift; path = User.swift; sourceTree = "<group>"; };
		8F0ABA252B69D0FF00D021BF /* Info.plist */ = {isa = PBXFileReference; lastKnownFileType = text.plist.xml; path = Info.plist; sourceTree = "<group>"; };
		8F0ABA2C2B69EA5500D021BF /* Color+Extensions.swift */ = {isa = PBXFileReference; fileEncoding = 4; lastKnownFileType = sourcecode.swift; path = "Color+Extensions.swift"; sourceTree = "<group>"; };
		8F0ABA2F2B69F02D00D021BF /* Font+Extensions.swift */ = {isa = PBXFileReference; fileEncoding = 4; lastKnownFileType = sourcecode.swift; path = "Font+Extensions.swift"; sourceTree = "<group>"; };
		8F0ABA322B69F0AC00D021BF /* Poppins-Medium.ttf */ = {isa = PBXFileReference; lastKnownFileType = file; path = "Poppins-Medium.ttf"; sourceTree = "<group>"; };
		8F0ABA332B69F0AC00D021BF /* Poppins-Regular.ttf */ = {isa = PBXFileReference; lastKnownFileType = file; path = "Poppins-Regular.ttf"; sourceTree = "<group>"; };
		8F0ABA342B69F0AC00D021BF /* Poppins-Bold.ttf */ = {isa = PBXFileReference; lastKnownFileType = file; path = "Poppins-Bold.ttf"; sourceTree = "<group>"; };
		8F0ABA352B69F0AC00D021BF /* Poppins-SemiBold.ttf */ = {isa = PBXFileReference; lastKnownFileType = file; path = "Poppins-SemiBold.ttf"; sourceTree = "<group>"; };
		8F0ABA3B2B69F59700D021BF /* NavBarItem.swift */ = {isa = PBXFileReference; lastKnownFileType = sourcecode.swift; path = NavBarItem.swift; sourceTree = "<group>"; };
		8F0ABA3E2B6A253500D021BF /* String+Extensions.swift */ = {isa = PBXFileReference; lastKnownFileType = sourcecode.swift; path = "String+Extensions.swift"; sourceTree = "<group>"; };
		8F23F1012B68EBEA005E32CB /* SwiftUILogin.app */ = {isa = PBXFileReference; explicitFileType = wrapper.application; includeInIndex = 0; path = SwiftUILogin.app; sourceTree = BUILT_PRODUCTS_DIR; };
		8F23F1042B68EBEA005E32CB /* SwiftUILoginApp.swift */ = {isa = PBXFileReference; lastKnownFileType = sourcecode.swift; path = SwiftUILoginApp.swift; sourceTree = "<group>"; };
		8F23F1062B68EBEA005E32CB /* HomeView.swift */ = {isa = PBXFileReference; lastKnownFileType = sourcecode.swift; path = HomeView.swift; sourceTree = "<group>"; };
		8F23F1082B68EBEC005E32CB /* Assets.xcassets */ = {isa = PBXFileReference; lastKnownFileType = folder.assetcatalog; path = Assets.xcassets; sourceTree = "<group>"; };
		8F23F10B2B68EBEC005E32CB /* Preview Assets.xcassets */ = {isa = PBXFileReference; lastKnownFileType = folder.assetcatalog; path = "Preview Assets.xcassets"; sourceTree = "<group>"; };
		8F23F1152B68EC41005E32CB /* LoginView.swift */ = {isa = PBXFileReference; fileEncoding = 4; lastKnownFileType = sourcecode.swift; path = LoginView.swift; sourceTree = "<group>"; };
		8F23F1162B68EC41005E32CB /* LoginView+Observed.swift */ = {isa = PBXFileReference; fileEncoding = 4; lastKnownFileType = sourcecode.swift; path = "LoginView+Observed.swift"; sourceTree = "<group>"; };
/* End PBXFileReference section */

/* Begin PBXFrameworksBuildPhase section */
		8F23F0FE2B68EBEA005E32CB /* Frameworks */ = {
			isa = PBXFrameworksBuildPhase;
			buildActionMask = 2147483647;
			files = (
				8F0ABA292B69D9E000D021BF /* PagerTabStripView in Frameworks */,
			);
			runOnlyForDeploymentPostprocessing = 0;
		};
/* End PBXFrameworksBuildPhase section */

/* Begin PBXGroup section */
		8F0ABA1F2B69CFB300D021BF /* Data */ = {
			isa = PBXGroup;
			children = (
				8F0ABA202B69CFCB00D021BF /* User.swift */,
			);
			path = Data;
			sourceTree = "<group>";
		};
		8F0ABA222B69D0AD00D021BF /* Domain */ = {
			isa = PBXGroup;
			children = (
			);
			path = Domain;
			sourceTree = "<group>";
		};
		8F0ABA232B69D0B900D021BF /* Presentation */ = {
			isa = PBXGroup;
			children = (
				8F0ABA3D2B69F5EF00D021BF /* Core */,
				8F0ABA3A2B69F58200D021BF /* Common */,
				8F0ABA2E2B69EFED00D021BF /* +Extensions */,
			);
			path = Presentation;
			sourceTree = "<group>";
		};
		8F0ABA242B69D0D000D021BF /* Resources */ = {
			isa = PBXGroup;
			children = (
				8F0ABA312B69F0A300D021BF /* Fonts */,
				8F23F1082B68EBEC005E32CB /* Assets.xcassets */,
				8F0ABA252B69D0FF00D021BF /* Info.plist */,
				8F23F10A2B68EBEC005E32CB /* Preview Content */,
				8F23F1042B68EBEA005E32CB /* SwiftUILoginApp.swift */,
			);
			path = Resources;
			sourceTree = "<group>";
		};
		8F0ABA262B69D5D800D021BF /* AuthenticationScene */ = {
			isa = PBXGroup;
			children = (
				8F23F1142B68EC41005E32CB /* Login */,
			);
			path = AuthenticationScene;
			sourceTree = "<group>";
		};
		8F0ABA2E2B69EFED00D021BF /* +Extensions */ = {
			isa = PBXGroup;
			children = (
				8F0ABA2F2B69F02D00D021BF /* Font+Extensions.swift */,
				8F0ABA2C2B69EA5500D021BF /* Color+Extensions.swift */,
				8F0ABA3E2B6A253500D021BF /* String+Extensions.swift */,
			);
			path = "+Extensions";
			sourceTree = "<group>";
		};
		8F0ABA312B69F0A300D021BF /* Fonts */ = {
			isa = PBXGroup;
			children = (
				8F0ABA342B69F0AC00D021BF /* Poppins-Bold.ttf */,
				8F0ABA322B69F0AC00D021BF /* Poppins-Medium.ttf */,
				8F0ABA332B69F0AC00D021BF /* Poppins-Regular.ttf */,
				8F0ABA352B69F0AC00D021BF /* Poppins-SemiBold.ttf */,
			);
			path = Fonts;
			sourceTree = "<group>";
		};
		8F0ABA3A2B69F58200D021BF /* Common */ = {
			isa = PBXGroup;
			children = (
				8F0ABA3B2B69F59700D021BF /* NavBarItem.swift */,
			);
			path = Common;
			sourceTree = "<group>";
		};
		8F0ABA3D2B69F5EF00D021BF /* Core */ = {
			isa = PBXGroup;
			children = (
				8F23F1062B68EBEA005E32CB /* HomeView.swift */,
				8F0ABA262B69D5D800D021BF /* AuthenticationScene */,
			);
			path = Core;
			sourceTree = "<group>";
		};
		8F23F0F82B68EBEA005E32CB = {
			isa = PBXGroup;
			children = (
				8F23F1032B68EBEA005E32CB /* SwiftUILogin */,
				8F23F1022B68EBEA005E32CB /* Products */,
			);
			sourceTree = "<group>";
		};
		8F23F1022B68EBEA005E32CB /* Products */ = {
			isa = PBXGroup;
			children = (
				8F23F1012B68EBEA005E32CB /* SwiftUILogin.app */,
			);
			name = Products;
			sourceTree = "<group>";
		};
		8F23F1032B68EBEA005E32CB /* SwiftUILogin */ = {
			isa = PBXGroup;
			children = (
				8F0ABA1F2B69CFB300D021BF /* Data */,
				8F0ABA222B69D0AD00D021BF /* Domain */,
				8F0ABA232B69D0B900D021BF /* Presentation */,
				8F0ABA242B69D0D000D021BF /* Resources */,
			);
			path = SwiftUILogin;
			sourceTree = "<group>";
		};
		8F23F10A2B68EBEC005E32CB /* Preview Content */ = {
			isa = PBXGroup;
			children = (
				8F23F10B2B68EBEC005E32CB /* Preview Assets.xcassets */,
			);
			path = "Preview Content";
			sourceTree = "<group>";
		};
		8F23F1142B68EC41005E32CB /* Login */ = {
			isa = PBXGroup;
			children = (
				8F23F1152B68EC41005E32CB /* LoginView.swift */,
				8F23F1162B68EC41005E32CB /* LoginView+Observed.swift */,
			);
			path = Login;
			sourceTree = "<group>";
		};
/* End PBXGroup section */

/* Begin PBXNativeTarget section */
		8F23F1002B68EBEA005E32CB /* SwiftUILogin */ = {
			isa = PBXNativeTarget;
			buildConfigurationList = 8F23F10F2B68EBEC005E32CB /* Build configuration list for PBXNativeTarget "SwiftUILogin" */;
			buildPhases = (
				8F23F0FD2B68EBEA005E32CB /* Sources */,
				8F23F0FE2B68EBEA005E32CB /* Frameworks */,
				8F23F0FF2B68EBEA005E32CB /* Resources */,
			);
			buildRules = (
			);
			dependencies = (
			);
			name = SwiftUILogin;
			packageProductDependencies = (
				8F0ABA282B69D9E000D021BF /* PagerTabStripView */,
			);
			productName = SwiftUILogin;
			productReference = 8F23F1012B68EBEA005E32CB /* SwiftUILogin.app */;
			productType = "com.apple.product-type.application";
		};
/* End PBXNativeTarget section */

/* Begin PBXProject section */
		8F23F0F92B68EBEA005E32CB /* Project object */ = {
			isa = PBXProject;
			attributes = {
				BuildIndependentTargetsInParallel = 1;
				LastSwiftUpdateCheck = 1510;
				LastUpgradeCheck = 1510;
				TargetAttributes = {
					8F23F1002B68EBEA005E32CB = {
						CreatedOnToolsVersion = 15.1;
					};
				};
			};
			buildConfigurationList = 8F23F0FC2B68EBEA005E32CB /* Build configuration list for PBXProject "SwiftUILogin" */;
			compatibilityVersion = "Xcode 14.0";
			developmentRegion = en;
			hasScannedForEncodings = 0;
			knownRegions = (
				en,
				Base,
			);
			mainGroup = 8F23F0F82B68EBEA005E32CB;
			packageReferences = (
				8F0ABA272B69D9E000D021BF /* XCRemoteSwiftPackageReference "PagerTabStripView" */,
			);
			productRefGroup = 8F23F1022B68EBEA005E32CB /* Products */;
			projectDirPath = "";
			projectRoot = "";
			targets = (
				8F23F1002B68EBEA005E32CB /* SwiftUILogin */,
			);
		};
/* End PBXProject section */

/* Begin PBXResourcesBuildPhase section */
		8F23F0FF2B68EBEA005E32CB /* Resources */ = {
			isa = PBXResourcesBuildPhase;
			buildActionMask = 2147483647;
			files = (
				8F0ABA362B69F0AC00D021BF /* Poppins-Medium.ttf in Resources */,
				8F23F10C2B68EBEC005E32CB /* Preview Assets.xcassets in Resources */,
				8F0ABA382B69F0AC00D021BF /* Poppins-Bold.ttf in Resources */,
				8F0ABA392B69F0AC00D021BF /* Poppins-SemiBold.ttf in Resources */,
				8F23F1092B68EBEC005E32CB /* Assets.xcassets in Resources */,
				8F0ABA372B69F0AC00D021BF /* Poppins-Regular.ttf in Resources */,
			);
			runOnlyForDeploymentPostprocessing = 0;
		};
/* End PBXResourcesBuildPhase section */

/* Begin PBXSourcesBuildPhase section */
		8F23F0FD2B68EBEA005E32CB /* Sources */ = {
			isa = PBXSourcesBuildPhase;
			buildActionMask = 2147483647;
			files = (
				8F23F1182B68EC41005E32CB /* LoginView+Observed.swift in Sources */,
				8F23F1172B68EC41005E32CB /* LoginView.swift in Sources */,
				8F23F1072B68EBEA005E32CB /* HomeView.swift in Sources */,
				8F0ABA302B69F02D00D021BF /* Font+Extensions.swift in Sources */,
				8F0ABA3F2B6A253500D021BF /* String+Extensions.swift in Sources */,
				8F0ABA3C2B69F59700D021BF /* NavBarItem.swift in Sources */,
				8F0ABA212B69CFCB00D021BF /* User.swift in Sources */,
				8F23F1052B68EBEA005E32CB /* SwiftUILoginApp.swift in Sources */,
				8F0ABA2D2B69EA5500D021BF /* Color+Extensions.swift in Sources */,
			);
			runOnlyForDeploymentPostprocessing = 0;
		};
/* End PBXSourcesBuildPhase section */

/* Begin XCBuildConfiguration section */
		8F23F10D2B68EBEC005E32CB /* Debug */ = {
			isa = XCBuildConfiguration;
			buildSettings = {
				ALWAYS_SEARCH_USER_PATHS = NO;
				ASSETCATALOG_COMPILER_GENERATE_SWIFT_ASSET_SYMBOL_EXTENSIONS = YES;
				CLANG_ANALYZER_NONNULL = YES;
				CLANG_ANALYZER_NUMBER_OBJECT_CONVERSION = YES_AGGRESSIVE;
				CLANG_CXX_LANGUAGE_STANDARD = "gnu++20";
				CLANG_ENABLE_MODULES = YES;
				CLANG_ENABLE_OBJC_ARC = YES;
				CLANG_ENABLE_OBJC_WEAK = YES;
				CLANG_WARN_BLOCK_CAPTURE_AUTORELEASING = YES;
				CLANG_WARN_BOOL_CONVERSION = YES;
				CLANG_WARN_COMMA = YES;
				CLANG_WARN_CONSTANT_CONVERSION = YES;
				CLANG_WARN_DEPRECATED_OBJC_IMPLEMENTATIONS = YES;
				CLANG_WARN_DIRECT_OBJC_ISA_USAGE = YES_ERROR;
				CLANG_WARN_DOCUMENTATION_COMMENTS = YES;
				CLANG_WARN_EMPTY_BODY = YES;
				CLANG_WARN_ENUM_CONVERSION = YES;
				CLANG_WARN_INFINITE_RECURSION = YES;
				CLANG_WARN_INT_CONVERSION = YES;
				CLANG_WARN_NON_LITERAL_NULL_CONVERSION = YES;
				CLANG_WARN_OBJC_IMPLICIT_RETAIN_SELF = YES;
				CLANG_WARN_OBJC_LITERAL_CONVERSION = YES;
				CLANG_WARN_OBJC_ROOT_CLASS = YES_ERROR;
				CLANG_WARN_QUOTED_INCLUDE_IN_FRAMEWORK_HEADER = YES;
				CLANG_WARN_RANGE_LOOP_ANALYSIS = YES;
				CLANG_WARN_STRICT_PROTOTYPES = YES;
				CLANG_WARN_SUSPICIOUS_MOVE = YES;
				CLANG_WARN_UNGUARDED_AVAILABILITY = YES_AGGRESSIVE;
				CLANG_WARN_UNREACHABLE_CODE = YES;
				CLANG_WARN__DUPLICATE_METHOD_MATCH = YES;
				COPY_PHASE_STRIP = NO;
				DEBUG_INFORMATION_FORMAT = dwarf;
				ENABLE_STRICT_OBJC_MSGSEND = YES;
				ENABLE_TESTABILITY = YES;
				ENABLE_USER_SCRIPT_SANDBOXING = YES;
				GCC_C_LANGUAGE_STANDARD = gnu17;
				GCC_DYNAMIC_NO_PIC = NO;
				GCC_NO_COMMON_BLOCKS = YES;
				GCC_OPTIMIZATION_LEVEL = 0;
				GCC_PREPROCESSOR_DEFINITIONS = (
					"DEBUG=1",
					"$(inherited)",
				);
				GCC_WARN_64_TO_32_BIT_CONVERSION = YES;
				GCC_WARN_ABOUT_RETURN_TYPE = YES_ERROR;
				GCC_WARN_UNDECLARED_SELECTOR = YES;
				GCC_WARN_UNINITIALIZED_AUTOS = YES_AGGRESSIVE;
				GCC_WARN_UNUSED_FUNCTION = YES;
				GCC_WARN_UNUSED_VARIABLE = YES;
				IPHONEOS_DEPLOYMENT_TARGET = 17.2;
				LOCALIZATION_PREFERS_STRING_CATALOGS = YES;
				MTL_ENABLE_DEBUG_INFO = INCLUDE_SOURCE;
				MTL_FAST_MATH = YES;
				ONLY_ACTIVE_ARCH = YES;
				SDKROOT = iphoneos;
				SWIFT_ACTIVE_COMPILATION_CONDITIONS = "DEBUG $(inherited)";
				SWIFT_OPTIMIZATION_LEVEL = "-Onone";
			};
			name = Debug;
		};
		8F23F10E2B68EBEC005E32CB /* Release */ = {
			isa = XCBuildConfiguration;
			buildSettings = {
				ALWAYS_SEARCH_USER_PATHS = NO;
				ASSETCATALOG_COMPILER_GENERATE_SWIFT_ASSET_SYMBOL_EXTENSIONS = YES;
				CLANG_ANALYZER_NONNULL = YES;
				CLANG_ANALYZER_NUMBER_OBJECT_CONVERSION = YES_AGGRESSIVE;
				CLANG_CXX_LANGUAGE_STANDARD = "gnu++20";
				CLANG_ENABLE_MODULES = YES;
				CLANG_ENABLE_OBJC_ARC = YES;
				CLANG_ENABLE_OBJC_WEAK = YES;
				CLANG_WARN_BLOCK_CAPTURE_AUTORELEASING = YES;
				CLANG_WARN_BOOL_CONVERSION = YES;
				CLANG_WARN_COMMA = YES;
				CLANG_WARN_CONSTANT_CONVERSION = YES;
				CLANG_WARN_DEPRECATED_OBJC_IMPLEMENTATIONS = YES;
				CLANG_WARN_DIRECT_OBJC_ISA_USAGE = YES_ERROR;
				CLANG_WARN_DOCUMENTATION_COMMENTS = YES;
				CLANG_WARN_EMPTY_BODY = YES;
				CLANG_WARN_ENUM_CONVERSION = YES;
				CLANG_WARN_INFINITE_RECURSION = YES;
				CLANG_WARN_INT_CONVERSION = YES;
				CLANG_WARN_NON_LITERAL_NULL_CONVERSION = YES;
				CLANG_WARN_OBJC_IMPLICIT_RETAIN_SELF = YES;
				CLANG_WARN_OBJC_LITERAL_CONVERSION = YES;
				CLANG_WARN_OBJC_ROOT_CLASS = YES_ERROR;
				CLANG_WARN_QUOTED_INCLUDE_IN_FRAMEWORK_HEADER = YES;
				CLANG_WARN_RANGE_LOOP_ANALYSIS = YES;
				CLANG_WARN_STRICT_PROTOTYPES = YES;
				CLANG_WARN_SUSPICIOUS_MOVE = YES;
				CLANG_WARN_UNGUARDED_AVAILABILITY = YES_AGGRESSIVE;
				CLANG_WARN_UNREACHABLE_CODE = YES;
				CLANG_WARN__DUPLICATE_METHOD_MATCH = YES;
				COPY_PHASE_STRIP = NO;
				DEBUG_INFORMATION_FORMAT = "dwarf-with-dsym";
				ENABLE_NS_ASSERTIONS = NO;
				ENABLE_STRICT_OBJC_MSGSEND = YES;
				ENABLE_USER_SCRIPT_SANDBOXING = YES;
				GCC_C_LANGUAGE_STANDARD = gnu17;
				GCC_NO_COMMON_BLOCKS = YES;
				GCC_WARN_64_TO_32_BIT_CONVERSION = YES;
				GCC_WARN_ABOUT_RETURN_TYPE = YES_ERROR;
				GCC_WARN_UNDECLARED_SELECTOR = YES;
				GCC_WARN_UNINITIALIZED_AUTOS = YES_AGGRESSIVE;
				GCC_WARN_UNUSED_FUNCTION = YES;
				GCC_WARN_UNUSED_VARIABLE = YES;
				IPHONEOS_DEPLOYMENT_TARGET = 17.2;
				LOCALIZATION_PREFERS_STRING_CATALOGS = YES;
				MTL_ENABLE_DEBUG_INFO = NO;
				MTL_FAST_MATH = YES;
				SDKROOT = iphoneos;
				SWIFT_COMPILATION_MODE = wholemodule;
				VALIDATE_PRODUCT = YES;
			};
			name = Release;
		};
		8F23F1102B68EBEC005E32CB /* Debug */ = {
			isa = XCBuildConfiguration;
			buildSettings = {
				ASSETCATALOG_COMPILER_APPICON_NAME = AppIcon;
				ASSETCATALOG_COMPILER_GLOBAL_ACCENT_COLOR_NAME = AccentColor;
				CODE_SIGN_STYLE = Automatic;
				CURRENT_PROJECT_VERSION = 1;
				DEVELOPMENT_ASSET_PATHS = "\"SwiftUILogin/Resources/Preview Content\"";
				DEVELOPMENT_TEAM = S96VKJ35F5;
				ENABLE_PREVIEWS = YES;
				GENERATE_INFOPLIST_FILE = YES;
				INFOPLIST_FILE = SwiftUILogin/Resources/Info.plist;
				INFOPLIST_KEY_UIApplicationSceneManifest_Generation = YES;
				INFOPLIST_KEY_UIApplicationSupportsIndirectInputEvents = YES;
				INFOPLIST_KEY_UILaunchScreen_Generation = YES;
				INFOPLIST_KEY_UISupportedInterfaceOrientations_iPad = "UIInterfaceOrientationPortrait UIInterfaceOrientationPortraitUpsideDown UIInterfaceOrientationLandscapeLeft UIInterfaceOrientationLandscapeRight";
				INFOPLIST_KEY_UISupportedInterfaceOrientations_iPhone = "UIInterfaceOrientationPortrait UIInterfaceOrientationLandscapeLeft UIInterfaceOrientationLandscapeRight";
				LD_RUNPATH_SEARCH_PATHS = (
					"$(inherited)",
					"@executable_path/Frameworks",
				);
				MARKETING_VERSION = 1.0;
				PRODUCT_BUNDLE_IDENTIFIER = com.lamarohit.SwiftUILogin;
				PRODUCT_NAME = "$(TARGET_NAME)";
				SWIFT_EMIT_LOC_STRINGS = YES;
				SWIFT_VERSION = 5.0;
				TARGETED_DEVICE_FAMILY = "1,2";
			};
			name = Debug;
		};
		8F23F1112B68EBEC005E32CB /* Release */ = {
			isa = XCBuildConfiguration;
			buildSettings = {
				ASSETCATALOG_COMPILER_APPICON_NAME = AppIcon;
				ASSETCATALOG_COMPILER_GLOBAL_ACCENT_COLOR_NAME = AccentColor;
				CODE_SIGN_STYLE = Automatic;
				CURRENT_PROJECT_VERSION = 1;
				DEVELOPMENT_ASSET_PATHS = "\"SwiftUILogin/Resources/Preview Content\"";
				DEVELOPMENT_TEAM = S96VKJ35F5;
				ENABLE_PREVIEWS = YES;
				GENERATE_INFOPLIST_FILE = YES;
				INFOPLIST_FILE = SwiftUILogin/Resources/Info.plist;
				INFOPLIST_KEY_UIApplicationSceneManifest_Generation = YES;
				INFOPLIST_KEY_UIApplicationSupportsIndirectInputEvents = YES;
				INFOPLIST_KEY_UILaunchScreen_Generation = YES;
				INFOPLIST_KEY_UISupportedInterfaceOrientations_iPad = "UIInterfaceOrientationPortrait UIInterfaceOrientationPortraitUpsideDown UIInterfaceOrientationLandscapeLeft UIInterfaceOrientationLandscapeRight";
				INFOPLIST_KEY_UISupportedInterfaceOrientations_iPhone = "UIInterfaceOrientationPortrait UIInterfaceOrientationLandscapeLeft UIInterfaceOrientationLandscapeRight";
				LD_RUNPATH_SEARCH_PATHS = (
					"$(inherited)",
					"@executable_path/Frameworks",
				);
				MARKETING_VERSION = 1.0;
				PRODUCT_BUNDLE_IDENTIFIER = com.lamarohit.SwiftUILogin;
				PRODUCT_NAME = "$(TARGET_NAME)";
				SWIFT_EMIT_LOC_STRINGS = YES;
				SWIFT_VERSION = 5.0;
				TARGETED_DEVICE_FAMILY = "1,2";
			};
			name = Release;
		};
/* End XCBuildConfiguration section */

/* Begin XCConfigurationList section */
		8F23F0FC2B68EBEA005E32CB /* Build configuration list for PBXProject "SwiftUILogin" */ = {
			isa = XCConfigurationList;
			buildConfigurations = (
				8F23F10D2B68EBEC005E32CB /* Debug */,
				8F23F10E2B68EBEC005E32CB /* Release */,
			);
			defaultConfigurationIsVisible = 0;
			defaultConfigurationName = Release;
		};
		8F23F10F2B68EBEC005E32CB /* Build configuration list for PBXNativeTarget "SwiftUILogin" */ = {
			isa = XCConfigurationList;
			buildConfigurations = (
				8F23F1102B68EBEC005E32CB /* Debug */,
				8F23F1112B68EBEC005E32CB /* Release */,
			);
			defaultConfigurationIsVisible = 0;
			defaultConfigurationName = Release;
		};
/* End XCConfigurationList section */

/* Begin XCRemoteSwiftPackageReference section */
		8F0ABA272B69D9E000D021BF /* XCRemoteSwiftPackageReference "PagerTabStripView" */ = {
			isa = XCRemoteSwiftPackageReference;
			repositoryURL = "https://github.com/xmartlabs/PagerTabStripView";
			requirement = {
				kind = upToNextMajorVersion;
				minimumVersion = 4.0.0;
			};
		};
/* End XCRemoteSwiftPackageReference section */

/* Begin XCSwiftPackageProductDependency section */
		8F0ABA282B69D9E000D021BF /* PagerTabStripView */ = {
			isa = XCSwiftPackageProductDependency;
			package = 8F0ABA272B69D9E000D021BF /* XCRemoteSwiftPackageReference "PagerTabStripView" */;
			productName = PagerTabStripView;
		};
/* End XCSwiftPackageProductDependency section */
	};
	rootObject = 8F23F0F92B68EBEA005E32CB /* Project object */;
}
